github.com/caozhong11/go-zero-test v1.0.0-beta h1:aavU2joIyJI0UHyyssrQwL7AMxiyP+c17TSPTfK75Rk=
github.com/caozhong11/go-zero-test v1.0.0-beta/go.mod h1:QicBgU/AwZvzkrIhxduFztpglWfzY1y/CoRWgH89ve4=
github.com/caozhong11/go-zero-test/client v0.0.0-20250829083712-8ff8905e3d79 h1:/Pq3TZsQfCUIqDG0HqZxwsSkG8cmlZ4H6DXDT7Qv5TI=
github.com/caozhong11/go-zero-test/client v0.0.0-20250829083712-8ff8905e3d79/go.mod h1:eorh6o8rASaH2tQXvW0CenieJrgNEf7jm7ry4e9kNkQ=
