github.com/caozhong11/go-zero-test/client v1.0.3-beta h1:lMZAtEcuTQrn/KFTntPk+yEmNWlrV4fDvOboQA5Bfp8=
github.com/caozhong11/go-zero-test/client v1.0.3-beta/go.mod h1:eorh6o8rASaH2tQXvW0CenieJrgNEf7jm7ry4e9kNkQ=
google.golang.org/protobuf v1.36.8 h1:xHScyCOEuuwZEc6UtSOvPbAT4zRh0xcNRYekJwfqyMc=
google.golang.org/protobuf v1.36.8/go.mod h1:fuxRtAxBytpl4zzqUh6/eyUujkJdNiuEkXntxiD/uRU=
